<?xml version="1.0" encoding="utf-8"?>
<Project ToolsVersion="4.0" xmlns="http://schemas.microsoft.com/developer/msbuild/2003">
  <ItemGroup>
    <ClCompile Include="Render\TextureLoading.cpp">
      <Filter>Render</Filter>
    </ClCompile>
    <ClCompile Include="AssetManager.cpp" />
    <ClCompile Include="Editor\ImGui.cpp" />
    <ClCompile Include="Render\RenderThread.cpp" />
    <ClCompile Include="Render\RenderObject.cpp" />
    <ClCompile Include="Render\QueueFamily\QueueFamily.cppm" />
    <ClCompile Include="World.cpp" />
    <ClCompile Include="External\Json\json.hpp" />
    <ClCompile Include="Application.cppm" />
    <ClCompile Include="AssetManager.cppm" />
    <ClCompile Include="ComponentRegistry.cppm" />
    <ClCompile Include="Component\EngineComponents.cppm" />
    <ClCompile Include="Component\ModelComponent.cppm" />
    <ClCompile Include="Component\NameComponent.cppm" />
    <ClCompile Include="Component\TransformComponent.cppm" />
    <ClCompile Include="Config.cppm" />
    <ClCompile Include="Core.cppm" />
    <ClCompile Include="Editor\DebugWidget.cppm" />
    <ClCompile Include="Editor\DebugWidget_EntityExplorer.cppm" />
    <ClCompile Include="Editor\IDebugWidget.cppm" />
    <ClCompile Include="Editor\ImGui.cppm" />
    <ClCompile Include="Engine.cppm" />
    <ClCompile Include="ExternalModules\vulkan.cppm" />
    <ClCompile Include="Guid.cppm" />
    <ClCompile Include="Job.cppm" />
    <ClCompile Include="Math.cppm" />
    <ClCompile Include="Render\IRenderManager.cppm" />
    <ClCompile Include="Render\Model.cppm" />
    <ClCompile Include="Render\RenderManager.cpp" />
    <ClCompile Include="Render\RenderManager.cppm" />
    <ClCompile Include="Render\RenderObject.cppm" />
    <ClCompile Include="Render\RenderThread.cppm" />
    <ClCompile Include="Render\RenderUtils.cpp" />
    <ClCompile Include="Render\RenderUtils.cppm" />
    <ClCompile Include="Render\TextureLoading.cppm" />
    <ClCompile Include="Render\VulkanIntegration.cppm" />
    <ClCompile Include="System.cppm" />
    <ClCompile Include="World.cppm" />
  </ItemGroup>
  <ItemGroup>
    <Filter Include="Render">
      <UniqueIdentifier>{aae3d3bc-bd76-4212-a171-483dd0c08e7e}</UniqueIdentifier>
    </Filter>
    <Filter Include="Render\Shaders">
      <UniqueIdentifier>{f83ee537-bfb4-4684-b267-cbb5b5ee30bf}</UniqueIdentifier>
    </Filter>
    <Filter Include="External Modules">
      <UniqueIdentifier>{ec807586-01de-4625-bbf2-9c070a7eeb64}</UniqueIdentifier>
    </Filter>
  </ItemGroup>
  <ItemGroup>
    <None Include="Render\Shaders\Shader.vert">
      <Filter>Render\Shaders</Filter>
    </None>
    <None Include="Render\Shaders\Shader.frag">
      <Filter>Render\Shaders</Filter>
    </None>
  </ItemGroup>
  <ItemGroup>
    <ClInclude Include="External\TextureLoading\stb_image.h" />
    <ClInclude Include="External\MeshLoading\tiny_obj_loader.h" />
  </ItemGroup>
</Project>