<?xml version="1.0" encoding="utf-8"?>
<Project ToolsVersion="4.0" xmlns="http://schemas.microsoft.com/developer/msbuild/2003">
  <ItemGroup>
    <ClCompile Include="Engine.ixx" />
    <ClCompile Include="Engine.cpp" />
    <ClCompile Include="Job.ixx" />
    <ClCompile Include="Render\VulkanMain.cpp">
      <Filter>Render</Filter>
    </ClCompile>
    <ClCompile Include="Render\Render.ixx">
      <Filter>Render</Filter>
    </ClCompile>
    <ClCompile Include="Render\VulkanIntegration.ixx">
      <Filter>Render</Filter>
    </ClCompile>
    <ClCompile Include="Render\RenderCore.ixx">
      <Filter>Render</Filter>
    </ClCompile>
    <ClCompile Include="Render\Render.cpp">
      <Filter>Render</Filter>
    </ClCompile>
    <ClCompile Include="QueueFamily\QueueFamily.ixx">
      <Filter>Render</Filter>
    </ClCompile>
    <ClCompile Include="..\ExternalModules\vulkan.ixx">
      <Filter>External Modules</Filter>
    </ClCompile>
    <ClCompile Include="Render\VulkanMain.ixx">
      <Filter>Render</Filter>
    </ClCompile>
    <ClCompile Include="Render\RenderCoreUtils.cpp">
      <Filter>Render</Filter>
    </ClCompile>
    <ClCompile Include="Render\RenderCoreUtils.ixx">
      <Filter>Render</Filter>
    </ClCompile>
    <ClCompile Include="Render\TextureLoading.cpp">
      <Filter>Render</Filter>
    </ClCompile>
    <ClCompile Include="Render\TextureLoading.ixx">
      <Filter>Render</Filter>
    </ClCompile>
  </ItemGroup>
  <ItemGroup>
    <Filter Include="Render">
      <UniqueIdentifier>{aae3d3bc-bd76-4212-a171-483dd0c08e7e}</UniqueIdentifier>
    </Filter>
    <Filter Include="Render\Shaders">
      <UniqueIdentifier>{f83ee537-bfb4-4684-b267-cbb5b5ee30bf}</UniqueIdentifier>
    </Filter>
    <Filter Include="External Modules">
      <UniqueIdentifier>{ec807586-01de-4625-bbf2-9c070a7eeb64}</UniqueIdentifier>
    </Filter>
  </ItemGroup>
  <ItemGroup>
    <None Include="Render\Shaders\Shader.vert">
      <Filter>Render\Shaders</Filter>
    </None>
    <None Include="Render\Shaders\Shader.frag">
      <Filter>Render\Shaders</Filter>
    </None>
  </ItemGroup>
  <ItemGroup>
    <ClInclude Include="External\TextureLoading\stb_image.h" />
  </ItemGroup>
</Project>